
Microsoft Visual Studio Solution File, Format Version 12.00
# Visual Studio 2012
Project("{FAE04EC0-301F-11D3-BF4B-00C04F79EFBC}") = "Q3-Customer", "Q3-Customer\Q3-Customer.csproj", "{B0431B9C-E2D4-4976-BA2E-0A325CEE707B}"
EndProject
Project("{FAE04EC0-301F-11D3-BF4B-00C04F79EFBC}") = "Cust_lib", "Q3-Customer\Cust_lib\Cust_lib.csproj", "{BACE37E2-45A1-45B8-A4B6-489F3DA6D136}"
EndProject
Global
	GlobalSection(SolutionConfigurationPlatforms) = preSolution
		Debug|Any CPU = Debug|Any CPU
		Release|Any CPU = Release|Any CPU
	EndGlobalSection
	GlobalSection(ProjectConfigurationPlatforms) = postSolution
		{B0431B9C-E2D4-4976-BA2E-0A325CEE707B}.Debug|Any CPU.ActiveCfg = Debug|Any CPU
		{B0431B9C-E2D4-4976-BA2E-0A325CEE707B}.Debug|Any CPU.Build.0 = Debug|Any CPU
		{B0431B9C-E2D4-4976-BA2E-0A325CEE707B}.Release|Any CPU.ActiveCfg = Release|Any CPU
		{B0431B9C-E2D4-4976-BA2E-0A325CEE707B}.Release|Any CPU.Build.0 = Release|Any CPU
		{BACE37E2-45A1-45B8-A4B6-489F3DA6D136}.Debug|Any CPU.ActiveCfg = Debug|Any CPU
		{BACE37E2-45A1-45B8-A4B6-489F3DA6D136}.Debug|Any CPU.Build.0 = Debug|Any CPU
		{BACE37E2-45A1-45B8-A4B6-489F3DA6D136}.Release|Any CPU.ActiveCfg = Release|Any CPU
		{BACE37E2-45A1-45B8-A4B6-489F3DA6D136}.Release|Any CPU.Build.0 = Release|Any CPU
	EndGlobalSection
	GlobalSection(SolutionProperties) = preSolution
		HideSolutionNode = FALSE
	EndGlobalSection
EndGlobal
